
Microsoft Visual Studio Solution File, Format Version 12.00
# Visual Studio Version 16
VisualStudioVersion = 16.0.30114.105
MinimumVisualStudioVersion = 10.0.40219.1
Project("{FAE04EC0-301F-11D3-BF4B-00C04F79EFBC}") = "Assignment0", "Assignment0\Assignment0.csproj", "{075E6640-E97D-40F4-AF88-FA642E8006FA}"
EndProject
Project("{FAE04EC0-301F-11D3-BF4B-00C04F79EFBC}") = "Assignment0.Tests", "Assignment0.Tests\Assignment0.Tests.csproj", "{4D39C017-802C-479E-80FB-2BFAF54F74B5}"
EndProject
Global
	GlobalSection(SolutionConfigurationPlatforms) = preSolution
		Debug|Any CPU = Debug|Any CPU
		Debug|x64 = Debug|x64
		Debug|x86 = Debug|x86
		Release|Any CPU = Release|Any CPU
		Release|x64 = Release|x64
		Release|x86 = Release|x86
	EndGlobalSection
	GlobalSection(SolutionProperties) = preSolution
		HideSolutionNode = FALSE
	EndGlobalSection
	GlobalSection(ProjectConfigurationPlatforms) = postSolution
		{075E6640-E97D-40F4-AF88-FA642E8006FA}.Debug|Any CPU.ActiveCfg = Debug|Any CPU
		{075E6640-E97D-40F4-AF88-FA642E8006FA}.Debug|Any CPU.Build.0 = Debug|Any CPU
		{075E6640-E97D-40F4-AF88-FA642E8006FA}.Debug|x64.ActiveCfg = Debug|Any CPU
		{075E6640-E97D-40F4-AF88-FA642E8006FA}.Debug|x64.Build.0 = Debug|Any CPU
		{075E6640-E97D-40F4-AF88-FA642E8006FA}.Debug|x86.ActiveCfg = Debug|Any CPU
		{075E6640-E97D-40F4-AF88-FA642E8006FA}.Debug|x86.Build.0 = Debug|Any CPU
		{075E6640-E97D-40F4-AF88-FA642E8006FA}.Release|Any CPU.ActiveCfg = Release|Any CPU
		{075E6640-E97D-40F4-AF88-FA642E8006FA}.Release|Any CPU.Build.0 = Release|Any CPU
		{075E6640-E97D-40F4-AF88-FA642E8006FA}.Release|x64.ActiveCfg = Release|Any CPU
		{075E6640-E97D-40F4-AF88-FA642E8006FA}.Release|x64.Build.0 = Release|Any CPU
		{075E6640-E97D-40F4-AF88-FA642E8006FA}.Release|x86.ActiveCfg = Release|Any CPU
		{075E6640-E97D-40F4-AF88-FA642E8006FA}.Release|x86.Build.0 = Release|Any CPU
		{4D39C017-802C-479E-80FB-2BFAF54F74B5}.Debug|Any CPU.ActiveCfg = Debug|Any CPU
		{4D39C017-802C-479E-80FB-2BFAF54F74B5}.Debug|Any CPU.Build.0 = Debug|Any CPU
		{4D39C017-802C-479E-80FB-2BFAF54F74B5}.Debug|x64.ActiveCfg = Debug|Any CPU
		{4D39C017-802C-479E-80FB-2BFAF54F74B5}.Debug|x64.Build.0 = Debug|Any CPU
		{4D39C017-802C-479E-80FB-2BFAF54F74B5}.Debug|x86.ActiveCfg = Debug|Any CPU
		{4D39C017-802C-479E-80FB-2BFAF54F74B5}.Debug|x86.Build.0 = Debug|Any CPU
		{4D39C017-802C-479E-80FB-2BFAF54F74B5}.Release|Any CPU.ActiveCfg = Release|Any CPU
		{4D39C017-802C-479E-80FB-2BFAF54F74B5}.Release|Any CPU.Build.0 = Release|Any CPU
		{4D39C017-802C-479E-80FB-2BFAF54F74B5}.Release|x64.ActiveCfg = Release|Any CPU
		{4D39C017-802C-479E-80FB-2BFAF54F74B5}.Release|x64.Build.0 = Release|Any CPU
		{4D39C017-802C-479E-80FB-2BFAF54F74B5}.Release|x86.ActiveCfg = Release|Any CPU
		{4D39C017-802C-479E-80FB-2BFAF54F74B5}.Release|x86.Build.0 = Release|Any CPU
	EndGlobalSection
EndGlobal
